lockfileVersion: "9.0"

settings:
  autoInstallPeers: true
  excludeLinksFromLockfile: false

importers:
  .:
    dependencies:
      "@lootopia/api":
        specifier: workspace:*
        version: link:../api
      "@lootopia/auth":
        specifier: workspace:*
        version: link:../auth
      uuid:
        specifier: ^14.0.0
        version: 14.0.0

packages:
  uuid@14.0.0:
    resolution:
      {
        integrity: sha512-Qo+uWgilfSmAhXCMav1uYFynlQO7fMFiMVZsQqZRMIXp0O7rR7qjkj+cPvBHLgBqi960QCoo/PH2/6ZtVqKvrg==,
      }
    hasBin: true

snapshots:
  uuid@14.0.0: {}
